
Microsoft Visual Studio Solution File, Format Version 12.00
# Visual Studio 15
VisualStudioVersion = 15.0.28307.572
MinimumVisualStudioVersion = 10.0.40219.1
Project("{9A19103F-16F7-4668-BE54-9A1E7A4F7556}") = "congyou", "congyou\congyou.csproj", "{013598AE-BB74-4493-A5F4-103A3D7B5C4E}"
EndProject
Project("{FAE04EC0-301F-11D3-BF4B-00C04F79EFBC}") = "WebAPIClient", "..\WebAPIClient\WebAPIClient\WebAPIClient.csproj", "{70FBA9AE-FD32-4F55-A41C-B3EC66984982}"
EndProject
Global
	GlobalSection(SolutionConfigurationPlatforms) = preSolution
		Debug|Any CPU = Debug|Any CPU
		Release|Any CPU = Release|Any CPU
	EndGlobalSection
	GlobalSection(ProjectConfigurationPlatforms) = postSolution
		{013598AE-BB74-4493-A5F4-103A3D7B5C4E}.Debug|Any CPU.ActiveCfg = Debug|Any CPU
		{013598AE-BB74-4493-A5F4-103A3D7B5C4E}.Debug|Any CPU.Build.0 = Debug|Any CPU
		{013598AE-BB74-4493-A5F4-103A3D7B5C4E}.Release|Any CPU.ActiveCfg = Release|Any CPU
		{013598AE-BB74-4493-A5F4-103A3D7B5C4E}.Release|Any CPU.Build.0 = Release|Any CPU
		{70FBA9AE-FD32-4F55-A41C-B3EC66984982}.Debug|Any CPU.ActiveCfg = Debug|Any CPU
		{70FBA9AE-FD32-4F55-A41C-B3EC66984982}.Debug|Any CPU.Build.0 = Debug|Any CPU
		{70FBA9AE-FD32-4F55-A41C-B3EC66984982}.Release|Any CPU.ActiveCfg = Release|Any CPU
		{70FBA9AE-FD32-4F55-A41C-B3EC66984982}.Release|Any CPU.Build.0 = Release|Any CPU
	EndGlobalSection
	GlobalSection(SolutionProperties) = preSolution
		HideSolutionNode = FALSE
	EndGlobalSection
	GlobalSection(ExtensibilityGlobals) = postSolution
		SolutionGuid = {4B9AE926-1494-45C0-8A18-514AA907D461}
	EndGlobalSection
EndGlobal
